
Microsoft Visual Studio Solution File, Format Version 12.00
# Visual Studio Version 16
VisualStudioVersion = 16.0.31129.286
MinimumVisualStudioVersion = 10.0.40219.1
Project("{FAE04EC0-301F-11D3-BF4B-00C04F79EFBC}") = "OptimalTrafic", "OptimalTrafic\OptimalTrafic.csproj", "{245FB449-55C9-4F19-8D00-1B5759EDDC64}"
EndProject
Project("{2150E333-8FDC-42A3-9474-1A3956D46DE8}") = "Solution Items", "Solution Items", "{84740CF7-4965-410E-B7B5-A0AE4CB064F9}"
	ProjectSection(SolutionItems) = preProject
		..\.clang-format = ..\.clang-format
		..\.gitignore = ..\.gitignore
		..\Makefile = ..\Makefile
	EndProjectSection
EndProject
Project("{FAE04EC0-301F-11D3-BF4B-00C04F79EFBC}") = "OptimalTraficTests1", "OptimalTraficTests1\OptimalTraficTests1.csproj", "{F017F9F9-1344-4042-8D76-8454246DABAA}"
EndProject
Global
	GlobalSection(SolutionConfigurationPlatforms) = preSolution
		Debug|Any CPU = Debug|Any CPU
		Release|Any CPU = Release|Any CPU
	EndGlobalSection
	GlobalSection(ProjectConfigurationPlatforms) = postSolution
		{245FB449-55C9-4F19-8D00-1B5759EDDC64}.Debug|Any CPU.ActiveCfg = Debug|Any CPU
		{245FB449-55C9-4F19-8D00-1B5759EDDC64}.Debug|Any CPU.Build.0 = Debug|Any CPU
		{245FB449-55C9-4F19-8D00-1B5759EDDC64}.Release|Any CPU.ActiveCfg = Release|Any CPU
		{245FB449-55C9-4F19-8D00-1B5759EDDC64}.Release|Any CPU.Build.0 = Release|Any CPU
		{F017F9F9-1344-4042-8D76-8454246DABAA}.Debug|Any CPU.ActiveCfg = Debug|Any CPU
		{F017F9F9-1344-4042-8D76-8454246DABAA}.Debug|Any CPU.Build.0 = Debug|Any CPU
		{F017F9F9-1344-4042-8D76-8454246DABAA}.Release|Any CPU.ActiveCfg = Release|Any CPU
		{F017F9F9-1344-4042-8D76-8454246DABAA}.Release|Any CPU.Build.0 = Release|Any CPU
	EndGlobalSection
	GlobalSection(SolutionProperties) = preSolution
		HideSolutionNode = FALSE
	EndGlobalSection
	GlobalSection(ExtensibilityGlobals) = postSolution
		SolutionGuid = {A4081C9A-34F1-4D99-90EE-21E99C518419}
	EndGlobalSection
EndGlobal
