
Microsoft Visual Studio Solution File, Format Version 12.00
# Visual Studio Version 16
VisualStudioVersion = 16.0.31229.75
MinimumVisualStudioVersion = 10.0.40219.1
Project("{9A19103F-16F7-4668-BE54-9A1E7A4F7556}") = "OptimalTrafic", "OptimalTrafic\OptimalTrafic.csproj", "{939FBC01-EA61-4B9C-90CF-9341C11AB676}"
EndProject
Project("{FAE04EC0-301F-11D3-BF4B-00C04F79EFBC}") = "TestProject3", "TestProject3\TestProject3.csproj", "{DAB5CBDD-5553-4720-AEB4-A49E57818853}"
EndProject
Global
	GlobalSection(SolutionConfigurationPlatforms) = preSolution
		Debug|Any CPU = Debug|Any CPU
		Release|Any CPU = Release|Any CPU
	EndGlobalSection
	GlobalSection(ProjectConfigurationPlatforms) = postSolution
		{939FBC01-EA61-4B9C-90CF-9341C11AB676}.Debug|Any CPU.ActiveCfg = Debug|Any CPU
		{939FBC01-EA61-4B9C-90CF-9341C11AB676}.Debug|Any CPU.Build.0 = Debug|Any CPU
		{939FBC01-EA61-4B9C-90CF-9341C11AB676}.Release|Any CPU.ActiveCfg = Release|Any CPU
		{939FBC01-EA61-4B9C-90CF-9341C11AB676}.Release|Any CPU.Build.0 = Release|Any CPU
		{DAB5CBDD-5553-4720-AEB4-A49E57818853}.Debug|Any CPU.ActiveCfg = Debug|Any CPU
		{DAB5CBDD-5553-4720-AEB4-A49E57818853}.Debug|Any CPU.Build.0 = Debug|Any CPU
		{DAB5CBDD-5553-4720-AEB4-A49E57818853}.Release|Any CPU.ActiveCfg = Release|Any CPU
		{DAB5CBDD-5553-4720-AEB4-A49E57818853}.Release|Any CPU.Build.0 = Release|Any CPU
	EndGlobalSection
	GlobalSection(SolutionProperties) = preSolution
		HideSolutionNode = FALSE
	EndGlobalSection
	GlobalSection(ExtensibilityGlobals) = postSolution
		SolutionGuid = {272D5C2D-580F-45A0-B93D-DFB89F34E08A}
	EndGlobalSection
EndGlobal
